
Microsoft Visual Studio Solution File, Format Version 12.00
# Visual Studio Version 17
VisualStudioVersion = 17.5.002.0
MinimumVisualStudioVersion = 10.0.40219.1
Project("{9A19103F-16F7-4668-BE54-9A1E7A4F7556}") = "DesafioPOO", "DesafioPOO.csproj", "{B3211A62-D44E-4CA3-9E74-ED530F8B589A}"
EndProject
Global
	GlobalSection(SolutionConfigurationPlatforms) = preSolution
		Debug|Any CPU = Debug|Any CPU
		Release|Any CPU = Release|Any CPU
	EndGlobalSection
	GlobalSection(ProjectConfigurationPlatforms) = postSolution
		{B3211A62-D44E-4CA3-9E74-ED530F8B589A}.Debug|Any CPU.ActiveCfg = Debug|Any CPU
		{B3211A62-D44E-4CA3-9E74-ED530F8B589A}.Debug|Any CPU.Build.0 = Debug|Any CPU
		{B3211A62-D44E-4CA3-9E74-ED530F8B589A}.Release|Any CPU.ActiveCfg = Release|Any CPU
		{B3211A62-D44E-4CA3-9E74-ED530F8B589A}.Release|Any CPU.Build.0 = Release|Any CPU
	EndGlobalSection
	GlobalSection(SolutionProperties) = preSolution
		HideSolutionNode = FALSE
	EndGlobalSection
	GlobalSection(ExtensibilityGlobals) = postSolution
		SolutionGuid = {2BA11F5A-5EF4-49E3-B061-FE2AC603A874}
	EndGlobalSection
EndGlobal
